# Code generated by scarb DO NOT EDIT.
version = 1

[[package]]
name = "cairo_tee_replacement"
version = "0.1.0"
dependencies = [
 "garaga",
]

[[package]]
name = "corelib_imports"
version = "0.1.2"
source = "git+https://github.com/keep-starknet-strange/garaga.git#7064755bc1c587dcf4e2aada69b3763e6bd6a58d"

[[package]]
name = "garaga"
version = "1.0.1"
source = "git+https://github.com/keep-starknet-strange/garaga.git#7064755bc1c587dcf4e2aada69b3763e6bd6a58d"
dependencies = [
 "corelib_imports",
]
